{
  "name": "visionet",
  "version": "0.0.1",
  "lockfileVersion": 1,
  "requires": true,
  "dependencies": {
    "@ionic/core": {
      "version": "4.9.1",
      "resolved": "https://registry.npmjs.org/@ionic/core/-/core-4.9.1.tgz",
      "integrity": "sha512-m6wlO6/vP4xL3xd8ZGl9lNbmiiMs6I7d33Y13pS65f5EOUC7Fc0+qEEEWtQZc4EGQdB/pmIHlgd8o7MZvV/SXA==",
      "requires": {
        "ionicons": "^4.6.3",
        "tslib": "^1.10.0"
      }
    },
    "@stencil/core": {
      "version": "1.5.2",
      "resolved": "https://registry.npmjs.org/@stencil/core/-/core-1.5.2.tgz",
      "integrity": "sha512-bxsPDTWuQQRtK7ExjX7rMYYn7t5Kjp/VWbJaM31wXKIHzseaOkMaQGlJiQui8B66YV0BcZOBtRX0rbWxigJ0/w==",
      "dev": true,
      "requires": {
        "typescript": "3.6.3"
      }
    },
    "@tensorflow-models/mobilenet": {
      "version": "2.0.4",
      "resolved": "https://registry.npmjs.org/@tensorflow-models/mobilenet/-/mobilenet-2.0.4.tgz",
      "integrity": "sha512-fkcxDBldlYitDCV88xETwAQoBIC8xYKdDu80uBDuBZBfNC4k/jeVbZHM28WjvTDsJN7d7dYO4NbIkRAH0XHKSQ=="
    },
    "@tensorflow/tfjs": {
      "version": "1.2.9",
      "resolved": "https://registry.npmjs.org/@tensorflow/tfjs/-/tfjs-1.2.9.tgz",
      "integrity": "sha512-9UAQnSp638FyM5eedYEM+j2R7VcNajiFmkeT5EXtf7YIurmMFNEm1sbajKJx7/ckz31YcYrVoUPc/iLhhDQl2A==",
      "requires": {
        "@tensorflow/tfjs-converter": "1.2.9",
        "@tensorflow/tfjs-core": "1.2.9",
        "@tensorflow/tfjs-data": "1.2.9",
        "@tensorflow/tfjs-layers": "1.2.9"
      }
    },
    "@tensorflow/tfjs-converter": {
      "version": "1.2.9",
      "resolved": "https://registry.npmjs.org/@tensorflow/tfjs-converter/-/tfjs-converter-1.2.9.tgz",
      "integrity": "sha512-OKmiuZicIgadT3Bv9BvM+oom7wRz9eC5rTglQnuv7VN9H0syFVuhf5oD1Ff70tGDhJjJgL+cPz01fZRxTXjRWA=="
    },
    "@tensorflow/tfjs-core": {
      "version": "1.2.9",
      "resolved": "https://registry.npmjs.org/@tensorflow/tfjs-core/-/tfjs-core-1.2.9.tgz",
      "integrity": "sha512-s0hHZSx6rGTlkkB8u8gs5n7sIPv1GXDNHmISRy+kqGzmlpkfI2kr6WXqOWQy6wFgjzopRD8cJQjBZ9USPZnYTQ==",
      "requires": {
        "@types/offscreencanvas": "~2019.3.0",
        "@types/seedrandom": "2.4.27",
        "@types/webgl-ext": "0.0.30",
        "@types/webgl2": "0.0.4",
        "node-fetch": "~2.1.2",
        "seedrandom": "2.4.3"
      }
    },
    "@tensorflow/tfjs-data": {
      "version": "1.2.9",
      "resolved": "https://registry.npmjs.org/@tensorflow/tfjs-data/-/tfjs-data-1.2.9.tgz",
      "integrity": "sha512-Ti9Cj3pte9butuEsK5OPq0Lcqdi4wVUdtQXm0o7iYOZ0umseRzfbIb6zbdqucc2MQzOMTnRoxN+FL7LZmncsHg==",
      "requires": {
        "@types/node-fetch": "^2.1.2",
        "node-fetch": "~2.1.2"
      }
    },
    "@tensorflow/tfjs-layers": {
      "version": "1.2.9",
      "resolved": "https://registry.npmjs.org/@tensorflow/tfjs-layers/-/tfjs-layers-1.2.9.tgz",
      "integrity": "sha512-OlXYaIb1rCk5dYmpaNsPEkO7R+T0oxfS3vQGIztNJB+YxrN8mwCu3hqgpbdKhAITiP+jxO0o+7bny8MsOCkOSQ=="
    },
    "@types/node": {
      "version": "12.7.9",
      "resolved": "https://registry.npmjs.org/@types/node/-/node-12.7.9.tgz",
      "integrity": "sha512-P57oKTJ/vYivL2BCfxCC5tQjlS8qW31pbOL6qt99Yrjm95YdHgNZwjrTTjMBh+C2/y6PXIX4oz253+jUzxKKfQ=="
    },
    "@types/node-fetch": {
      "version": "2.5.2",
      "resolved": "https://registry.npmjs.org/@types/node-fetch/-/node-fetch-2.5.2.tgz",
      "integrity": "sha512-djYYKmdNRSBtL1x4CiE9UJb9yZhwtI1VC+UxZD0psNznrUj80ywsxKlEGAE+QL1qvLjPbfb24VosjkYM6W4RSQ==",
      "requires": {
        "@types/node": "*"
      }
    },
    "@types/offscreencanvas": {
      "version": "2019.3.0",
      "resolved": "https://registry.npmjs.org/@types/offscreencanvas/-/offscreencanvas-2019.3.0.tgz",
      "integrity": "sha512-esIJx9bQg+QYF0ra8GnvfianIY8qWB0GBx54PK5Eps6m+xTj86KLavHv6qDhzKcu5UUOgNfJ2pWaIIV7TRUd9Q=="
    },
    "@types/seedrandom": {
      "version": "2.4.27",
      "resolved": "https://registry.npmjs.org/@types/seedrandom/-/seedrandom-2.4.27.tgz",
      "integrity": "sha1-nbVjk33YaRX2kJK8QyWdL0hXjkE="
    },
    "@types/webgl-ext": {
      "version": "0.0.30",
      "resolved": "https://registry.npmjs.org/@types/webgl-ext/-/webgl-ext-0.0.30.tgz",
      "integrity": "sha512-LKVgNmBxN0BbljJrVUwkxwRYqzsAEPcZOe6S2T6ZaBDIrFp0qu4FNlpc5sM1tGbXUYFgdVQIoeLk1Y1UoblyEg=="
    },
    "@types/webgl2": {
      "version": "0.0.4",
      "resolved": "https://registry.npmjs.org/@types/webgl2/-/webgl2-0.0.4.tgz",
      "integrity": "sha512-PACt1xdErJbMUOUweSrbVM7gSIYm1vTncW2hF6Os/EeWi6TXYAYMPp+8v6rzHmypE5gHrxaxZNXgMkJVIdZpHw=="
    },
    "ionicons": {
      "version": "4.6.3",
      "resolved": "https://registry.npmjs.org/ionicons/-/ionicons-4.6.3.tgz",
      "integrity": "sha512-cgP+VIr2cTJpMfFyVHTerq6n2jeoiGboVoe3GlaAo5zoSBDAEXORwUZhv6m+lCyxlsHCS3nqPUE+MKyZU71t8Q=="
    },
    "node-fetch": {
      "version": "2.1.2",
      "resolved": "https://registry.npmjs.org/node-fetch/-/node-fetch-2.1.2.tgz",
      "integrity": "sha1-q4hOjn5X44qUR1POxwb3iNF2i7U="
    },
    "seedrandom": {
      "version": "2.4.3",
      "resolved": "https://registry.npmjs.org/seedrandom/-/seedrandom-2.4.3.tgz",
      "integrity": "sha1-JDhQTa0zkXMUv/GKxNeU8W1qrsw="
    },
    "tslib": {
      "version": "1.10.0",
      "resolved": "https://registry.npmjs.org/tslib/-/tslib-1.10.0.tgz",
      "integrity": "sha512-qOebF53frne81cf0S9B41ByenJ3/IuH8yJKngAX35CmiZySA0khhkovshKK+jGCaMnVomla7gVlIcc3EvKPbTQ=="
    },
    "typescript": {
      "version": "3.6.3",
      "resolved": "https://registry.npmjs.org/typescript/-/typescript-3.6.3.tgz",
      "integrity": "sha512-N7bceJL1CtRQ2RiG0AQME13ksR7DiuQh/QehubYcghzv20tnh+MQnQIuJddTmsbqYj+dztchykemz0zFzlvdQw==",
      "dev": true
    }
  }
}
